// !$*UTF8*$!
{
	archiveVersion = 1;
	classes = {
	};
	objectVersion = 77;
	objects = {

/* Begin PBXBuildFile section */
		067818E9C5D0F2F9294280E0 /* Components.swift in Sources */ = {isa = PBXBuildFile; fileRef = 2654A786CFE972C54B563658 /* Components.swift */; };
		085F73CA4E1D44E3F733B44D /* Assets.xcassets in Resources */ = {isa = PBXBuildFile; fileRef = 8FAA649993102926D5A4C7BF /* Assets.xcassets */; };
		3A294015622B57516978C4F8 /* RootView.swift in Sources */ = {isa = PBXBuildFile; fileRef = 99E3591D70C823A082F6036D /* RootView.swift */; };
		3D3A4FB88C6061CA43BC275A /* SkillTrainingView.swift in Sources */ = {isa = PBXBuildFile; fileRef = 5DD448D26D4B05BB94E4F48F /* SkillTrainingView.swift */; };
		5D67CD489908F7E115C53FFB /* GameState.swift in Sources */ = {isa = PBXBuildFile; fileRef = 69A45BD2A51058022DFF5D4B /* GameState.swift */; };
		66645B7DD0A53209342A91DB /* SettingsView.swift in Sources */ = {isa = PBXBuildFile; fileRef = E9B7EDA30551956F0BEF9FE1 /* SettingsView.swift */; };
		6F1CC5D86F57BE59B61789F3 /* IdleSkillerApp.swift in Sources */ = {isa = PBXBuildFile; fileRef = DE88AFA3079D1FCAE044DB5D /* IdleSkillerApp.swift */; };
		70B9B168B1197B82D9D7538D /* SkillTileView.swift in Sources */ = {isa = PBXBuildFile; fileRef = 38C3D454139886F93D411D7C /* SkillTileView.swift */; };
		7487EE125C8CD9EC5A05584C /* SkillID.swift in Sources */ = {isa = PBXBuildFile; fileRef = C10A1062ACB20CFEE69C2F7F /* SkillID.swift */; };
		8CB85495584067B070572BA5 /* StatsView.swift in Sources */ = {isa = PBXBuildFile; fileRef = 3A8F76A4A2E08BFF2A3CFE11 /* StatsView.swift */; };
		8D4395AF65254D752E3251B6 /* XPTable.swift in Sources */ = {isa = PBXBuildFile; fileRef = 5FC8A729DF91D2B0B653966B /* XPTable.swift */; };
		96F2C3ED5A3F32E2A9DAEF3B /* Balance.swift in Sources */ = {isa = PBXBuildFile; fileRef = 4E905DB741FD94772A6AA0E5 /* Balance.swift */; };
		EFF7F049B18B37681A0A78E0 /* OnboardingView.swift in Sources */ = {isa = PBXBuildFile; fileRef = 1F52669AC8FD10828BE7DA7E /* OnboardingView.swift */; };
		FE6189F8C709ED87D7FC2457 /* HomeView.swift in Sources */ = {isa = PBXBuildFile; fileRef = A8C1DBAE435EC4B974261C4A /* HomeView.swift */; };
/* End PBXBuildFile section */

/* Begin PBXFileReference section */
		1F52669AC8FD10828BE7DA7E /* OnboardingView.swift */ = {isa = PBXFileReference; lastKnownFileType = sourcecode.swift; path = OnboardingView.swift; sourceTree = "<group>"; };
		2654A786CFE972C54B563658 /* Components.swift */ = {isa = PBXFileReference; lastKnownFileType = sourcecode.swift; path = Components.swift; sourceTree = "<group>"; };
		38C3D454139886F93D411D7C /* SkillTileView.swift */ = {isa = PBXFileReference; lastKnownFileType = sourcecode.swift; path = SkillTileView.swift; sourceTree = "<group>"; };
		3A8F76A4A2E08BFF2A3CFE11 /* StatsView.swift */ = {isa = PBXFileReference; lastKnownFileType = sourcecode.swift; path = StatsView.swift; sourceTree = "<group>"; };
		4E905DB741FD94772A6AA0E5 /* Balance.swift */ = {isa = PBXFileReference; lastKnownFileType = sourcecode.swift; path = Balance.swift; sourceTree = "<group>"; };
		5AE6CE3067CED131E6320A62 /* IdleSkiller.app */ = {isa = PBXFileReference; includeInIndex = 0; lastKnownFileType = wrapper.application; path = IdleSkiller.app; sourceTree = BUILT_PRODUCTS_DIR; };
		5DD448D26D4B05BB94E4F48F /* SkillTrainingView.swift */ = {isa = PBXFileReference; lastKnownFileType = sourcecode.swift; path = SkillTrainingView.swift; sourceTree = "<group>"; };
		5FC8A729DF91D2B0B653966B /* XPTable.swift */ = {isa = PBXFileReference; lastKnownFileType = sourcecode.swift; path = XPTable.swift; sourceTree = "<group>"; };
		69A45BD2A51058022DFF5D4B /* GameState.swift */ = {isa = PBXFileReference; lastKnownFileType = sourcecode.swift; path = GameState.swift; sourceTree = "<group>"; };
		8FAA649993102926D5A4C7BF /* Assets.xcassets */ = {isa = PBXFileReference; lastKnownFileType = folder.assetcatalog; path = Assets.xcassets; sourceTree = "<group>"; };
		99E3591D70C823A082F6036D /* RootView.swift */ = {isa = PBXFileReference; lastKnownFileType = sourcecode.swift; path = RootView.swift; sourceTree = "<group>"; };
		A8C1DBAE435EC4B974261C4A /* HomeView.swift */ = {isa = PBXFileReference; lastKnownFileType = sourcecode.swift; path = HomeView.swift; sourceTree = "<group>"; };
		C10A1062ACB20CFEE69C2F7F /* SkillID.swift */ = {isa = PBXFileReference; lastKnownFileType = sourcecode.swift; path = SkillID.swift; sourceTree = "<group>"; };
		DE88AFA3079D1FCAE044DB5D /* IdleSkillerApp.swift */ = {isa = PBXFileReference; lastKnownFileType = sourcecode.swift; path = IdleSkillerApp.swift; sourceTree = "<group>"; };
		E9B7EDA30551956F0BEF9FE1 /* SettingsView.swift */ = {isa = PBXFileReference; lastKnownFileType = sourcecode.swift; path = SettingsView.swift; sourceTree = "<group>"; };
/* End PBXFileReference section */

/* Begin PBXGroup section */
		05B5153A9A30C77D25EF58B4 /* Views */ = {
			isa = PBXGroup;
			children = (
				2654A786CFE972C54B563658 /* Components.swift */,
				A8C1DBAE435EC4B974261C4A /* HomeView.swift */,
				1F52669AC8FD10828BE7DA7E /* OnboardingView.swift */,
				99E3591D70C823A082F6036D /* RootView.swift */,
				E9B7EDA30551956F0BEF9FE1 /* SettingsView.swift */,
				38C3D454139886F93D411D7C /* SkillTileView.swift */,
				5DD448D26D4B05BB94E4F48F /* SkillTrainingView.swift */,
				3A8F76A4A2E08BFF2A3CFE11 /* StatsView.swift */,
			);
			path = Views;
			sourceTree = "<group>";
		};
		264292022357E67277476306 = {
			isa = PBXGroup;
			children = (
				2D26056FE7C4A8E3F67C7EF6 /* Sources */,
				F627E52C821FA08DF22E202C /* Products */,
			);
			sourceTree = "<group>";
		};
		2D26056FE7C4A8E3F67C7EF6 /* Sources */ = {
			isa = PBXGroup;
			children = (
				86311D1A6C9D02DEAC9E3061 /* App */,
				81A8F734FA6712FDBDAA49E7 /* Models */,
				05B5153A9A30C77D25EF58B4 /* Views */,
				8FAA649993102926D5A4C7BF /* Assets.xcassets */,
			);
			path = Sources;
			sourceTree = "<group>";
		};
		81A8F734FA6712FDBDAA49E7 /* Models */ = {
			isa = PBXGroup;
			children = (
				4E905DB741FD94772A6AA0E5 /* Balance.swift */,
				69A45BD2A51058022DFF5D4B /* GameState.swift */,
				C10A1062ACB20CFEE69C2F7F /* SkillID.swift */,
				5FC8A729DF91D2B0B653966B /* XPTable.swift */,
			);
			path = Models;
			sourceTree = "<group>";
		};
		86311D1A6C9D02DEAC9E3061 /* App */ = {
			isa = PBXGroup;
			children = (
				DE88AFA3079D1FCAE044DB5D /* IdleSkillerApp.swift */,
			);
			path = App;
			sourceTree = "<group>";
		};
		F627E52C821FA08DF22E202C /* Products */ = {
			isa = PBXGroup;
			children = (
				5AE6CE3067CED131E6320A62 /* IdleSkiller.app */,
			);
			name = Products;
			sourceTree = "<group>";
		};
/* End PBXGroup section */

/* Begin PBXNativeTarget section */
		123B2AAE83B475013A23F686 /* IdleSkiller */ = {
			isa = PBXNativeTarget;
			buildConfigurationList = D8641FFCD049B8E9BC5F55F1 /* Build configuration list for PBXNativeTarget "IdleSkiller" */;
			buildPhases = (
				509C5998EC1F505F3F7E0A5F /* Sources */,
				DE5DA326EE110A30977C8189 /* Resources */,
			);
			buildRules = (
			);
			dependencies = (
			);
			name = IdleSkiller;
			packageProductDependencies = (
			);
			productName = IdleSkiller;
			productReference = 5AE6CE3067CED131E6320A62 /* IdleSkiller.app */;
			productType = "com.apple.product-type.application";
		};
/* End PBXNativeTarget section */

/* Begin PBXProject section */
		B8FD244B23B5EDEF4EF622CE /* Project object */ = {
			isa = PBXProject;
			attributes = {
				BuildIndependentTargetsInParallel = YES;
				LastUpgradeCheck = 1430;
				TargetAttributes = {
					123B2AAE83B475013A23F686 = {
						ProvisioningStyle = Automatic;
					};
				};
			};
			buildConfigurationList = B41E749FF74C9BF50F41C9D3 /* Build configuration list for PBXProject "IdleSkiller" */;
			developmentRegion = en;
			hasScannedForEncodings = 0;
			knownRegions = (
				Base,
				en,
			);
			mainGroup = 264292022357E67277476306;
			minimizedProjectReferenceProxies = 1;
			preferredProjectObjectVersion = 77;
			productRefGroup = F627E52C821FA08DF22E202C /* Products */;
			projectDirPath = "";
			projectRoot = "";
			targets = (
				123B2AAE83B475013A23F686 /* IdleSkiller */,
			);
		};
/* End PBXProject section */

/* Begin PBXResourcesBuildPhase section */
		DE5DA326EE110A30977C8189 /* Resources */ = {
			isa = PBXResourcesBuildPhase;
			buildActionMask = 2147483647;
			files = (
				085F73CA4E1D44E3F733B44D /* Assets.xcassets in Resources */,
			);
			runOnlyForDeploymentPostprocessing = 0;
		};
/* End PBXResourcesBuildPhase section */

/* Begin PBXSourcesBuildPhase section */
		509C5998EC1F505F3F7E0A5F /* Sources */ = {
			isa = PBXSourcesBuildPhase;
			buildActionMask = 2147483647;
			files = (
				96F2C3ED5A3F32E2A9DAEF3B /* Balance.swift in Sources */,
				067818E9C5D0F2F9294280E0 /* Components.swift in Sources */,
				5D67CD489908F7E115C53FFB /* GameState.swift in Sources */,
				FE6189F8C709ED87D7FC2457 /* HomeView.swift in Sources */,
				6F1CC5D86F57BE59B61789F3 /* IdleSkillerApp.swift in Sources */,
				EFF7F049B18B37681A0A78E0 /* OnboardingView.swift in Sources */,
				3A294015622B57516978C4F8 /* RootView.swift in Sources */,
				66645B7DD0A53209342A91DB /* SettingsView.swift in Sources */,
				7487EE125C8CD9EC5A05584C /* SkillID.swift in Sources */,
				70B9B168B1197B82D9D7538D /* SkillTileView.swift in Sources */,
				3D3A4FB88C6061CA43BC275A /* SkillTrainingView.swift in Sources */,
				8CB85495584067B070572BA5 /* StatsView.swift in Sources */,
				8D4395AF65254D752E3251B6 /* XPTable.swift in Sources */,
			);
			runOnlyForDeploymentPostprocessing = 0;
		};
/* End PBXSourcesBuildPhase section */

/* Begin XCBuildConfiguration section */
		653EB1288CCEC3B85CB293F8 /* Debug */ = {
			isa = XCBuildConfiguration;
			buildSettings = {
				ASSETCATALOG_COMPILER_APPICON_NAME = AppIcon;
				ASSETCATALOG_COMPILER_GLOBAL_ACCENT_COLOR_NAME = AccentColor;
				CODE_SIGN_IDENTITY = "iPhone Developer";
				GENERATE_INFOPLIST_FILE = YES;
				INFOPLIST_KEY_CFBundleDisplayName = "Idle Skiller";
				INFOPLIST_KEY_UILaunchScreen_Generation = YES;
				INFOPLIST_KEY_UISupportedInterfaceOrientations = UIInterfaceOrientationPortrait;
				LD_RUNPATH_SEARCH_PATHS = (
					"$(inherited)",
					"@executable_path/Frameworks",
				);
				PRODUCT_BUNDLE_IDENTIFIER = com.callmegreg.idleskiller;
				SDKROOT = iphoneos;
				TARGETED_DEVICE_FAMILY = 1;
			};
			name = Debug;
		};
		7152CC8DBD36300A54BCE097 /* Release */ = {
			isa = XCBuildConfiguration;
			buildSettings = {
				ALWAYS_SEARCH_USER_PATHS = NO;
				CLANG_ANALYZER_NONNULL = YES;
				CLANG_ANALYZER_NUMBER_OBJECT_CONVERSION = YES_AGGRESSIVE;
				CLANG_CXX_LANGUAGE_STANDARD = "gnu++14";
				CLANG_CXX_LIBRARY = "libc++";
				CLANG_ENABLE_MODULES = YES;
				CLANG_ENABLE_OBJC_ARC = YES;
				CLANG_ENABLE_OBJC_WEAK = YES;
				CLANG_WARN_BLOCK_CAPTURE_AUTORELEASING = YES;
				CLANG_WARN_BOOL_CONVERSION = YES;
				CLANG_WARN_COMMA = YES;
				CLANG_WARN_CONSTANT_CONVERSION = YES;
				CLANG_WARN_DEPRECATED_OBJC_IMPLEMENTATIONS = YES;
				CLANG_WARN_DIRECT_OBJC_ISA_USAGE = YES_ERROR;
				CLANG_WARN_DOCUMENTATION_COMMENTS = YES;
				CLANG_WARN_EMPTY_BODY = YES;
				CLANG_WARN_ENUM_CONVERSION = YES;
				CLANG_WARN_INFINITE_RECURSION = YES;
				CLANG_WARN_INT_CONVERSION = YES;
				CLANG_WARN_NON_LITERAL_NULL_CONVERSION = YES;
				CLANG_WARN_OBJC_IMPLICIT_RETAIN_SELF = YES;
				CLANG_WARN_OBJC_LITERAL_CONVERSION = YES;
				CLANG_WARN_OBJC_ROOT_CLASS = YES_ERROR;
				CLANG_WARN_QUOTED_INCLUDE_IN_FRAMEWORK_HEADER = YES;
				CLANG_WARN_RANGE_LOOP_ANALYSIS = YES;
				CLANG_WARN_STRICT_PROTOTYPES = YES;
				CLANG_WARN_SUSPICIOUS_MOVE = YES;
				CLANG_WARN_UNGUARDED_AVAILABILITY = YES_AGGRESSIVE;
				CLANG_WARN_UNREACHABLE_CODE = YES;
				CLANG_WARN__DUPLICATE_METHOD_MATCH = YES;
				CODE_SIGNING_ALLOWED = NO;
				CODE_SIGNING_REQUIRED = NO;
				CODE_SIGN_STYLE = Automatic;
				COPY_PHASE_STRIP = NO;
				CURRENT_PROJECT_VERSION = 1;
				DEBUG_INFORMATION_FORMAT = "dwarf-with-dsym";
				ENABLE_NS_ASSERTIONS = NO;
				ENABLE_STRICT_OBJC_MSGSEND = YES;
				GCC_C_LANGUAGE_STANDARD = gnu11;
				GCC_NO_COMMON_BLOCKS = YES;
				GCC_WARN_64_TO_32_BIT_CONVERSION = YES;
				GCC_WARN_ABOUT_RETURN_TYPE = YES_ERROR;
				GCC_WARN_UNDECLARED_SELECTOR = YES;
				GCC_WARN_UNINITIALIZED_AUTOS = YES_AGGRESSIVE;
				GCC_WARN_UNUSED_FUNCTION = YES;
				GCC_WARN_UNUSED_VARIABLE = YES;
				IPHONEOS_DEPLOYMENT_TARGET = 17.0;
				MARKETING_VERSION = 1.0.0;
				MTL_ENABLE_DEBUG_INFO = NO;
				MTL_FAST_MATH = YES;
				PRODUCT_NAME = "$(TARGET_NAME)";
				SDKROOT = iphoneos;
				SWIFT_COMPILATION_MODE = wholemodule;
				SWIFT_OPTIMIZATION_LEVEL = "-O";
				SWIFT_VERSION = 5.0;
			};
			name = Release;
		};
		DCD9C30ED9BA1ACB4BC3CAB2 /* Release */ = {
			isa = XCBuildConfiguration;
			buildSettings = {
				ASSETCATALOG_COMPILER_APPICON_NAME = AppIcon;
				ASSETCATALOG_COMPILER_GLOBAL_ACCENT_COLOR_NAME = AccentColor;
				CODE_SIGN_IDENTITY = "iPhone Developer";
				GENERATE_INFOPLIST_FILE = YES;
				INFOPLIST_KEY_CFBundleDisplayName = "Idle Skiller";
				INFOPLIST_KEY_UILaunchScreen_Generation = YES;
				INFOPLIST_KEY_UISupportedInterfaceOrientations = UIInterfaceOrientationPortrait;
				LD_RUNPATH_SEARCH_PATHS = (
					"$(inherited)",
					"@executable_path/Frameworks",
				);
				PRODUCT_BUNDLE_IDENTIFIER = com.callmegreg.idleskiller;
				SDKROOT = iphoneos;
				TARGETED_DEVICE_FAMILY = 1;
			};
			name = Release;
		};
		E79100A5000FA0419D5BD8DD /* Debug */ = {
			isa = XCBuildConfiguration;
			buildSettings = {
				ALWAYS_SEARCH_USER_PATHS = NO;
				CLANG_ANALYZER_NONNULL = YES;
				CLANG_ANALYZER_NUMBER_OBJECT_CONVERSION = YES_AGGRESSIVE;
				CLANG_CXX_LANGUAGE_STANDARD = "gnu++14";
				CLANG_CXX_LIBRARY = "libc++";
				CLANG_ENABLE_MODULES = YES;
				CLANG_ENABLE_OBJC_ARC = YES;
				CLANG_ENABLE_OBJC_WEAK = YES;
				CLANG_WARN_BLOCK_CAPTURE_AUTORELEASING = YES;
				CLANG_WARN_BOOL_CONVERSION = YES;
				CLANG_WARN_COMMA = YES;
				CLANG_WARN_CONSTANT_CONVERSION = YES;
				CLANG_WARN_DEPRECATED_OBJC_IMPLEMENTATIONS = YES;
				CLANG_WARN_DIRECT_OBJC_ISA_USAGE = YES_ERROR;
				CLANG_WARN_DOCUMENTATION_COMMENTS = YES;
				CLANG_WARN_EMPTY_BODY = YES;
				CLANG_WARN_ENUM_CONVERSION = YES;
				CLANG_WARN_INFINITE_RECURSION = YES;
				CLANG_WARN_INT_CONVERSION = YES;
				CLANG_WARN_NON_LITERAL_NULL_CONVERSION = YES;
				CLANG_WARN_OBJC_IMPLICIT_RETAIN_SELF = YES;
				CLANG_WARN_OBJC_LITERAL_CONVERSION = YES;
				CLANG_WARN_OBJC_ROOT_CLASS = YES_ERROR;
				CLANG_WARN_QUOTED_INCLUDE_IN_FRAMEWORK_HEADER = YES;
				CLANG_WARN_RANGE_LOOP_ANALYSIS = YES;
				CLANG_WARN_STRICT_PROTOTYPES = YES;
				CLANG_WARN_SUSPICIOUS_MOVE = YES;
				CLANG_WARN_UNGUARDED_AVAILABILITY = YES_AGGRESSIVE;
				CLANG_WARN_UNREACHABLE_CODE = YES;
				CLANG_WARN__DUPLICATE_METHOD_MATCH = YES;
				CODE_SIGNING_ALLOWED = NO;
				CODE_SIGNING_REQUIRED = NO;
				CODE_SIGN_STYLE = Automatic;
				COPY_PHASE_STRIP = NO;
				CURRENT_PROJECT_VERSION = 1;
				DEBUG_INFORMATION_FORMAT = dwarf;
				ENABLE_STRICT_OBJC_MSGSEND = YES;
				ENABLE_TESTABILITY = YES;
				GCC_C_LANGUAGE_STANDARD = gnu11;
				GCC_DYNAMIC_NO_PIC = NO;
				GCC_NO_COMMON_BLOCKS = YES;
				GCC_OPTIMIZATION_LEVEL = 0;
				GCC_PREPROCESSOR_DEFINITIONS = (
					"$(inherited)",
					"DEBUG=1",
				);
				GCC_WARN_64_TO_32_BIT_CONVERSION = YES;
				GCC_WARN_ABOUT_RETURN_TYPE = YES_ERROR;
				GCC_WARN_UNDECLARED_SELECTOR = YES;
				GCC_WARN_UNINITIALIZED_AUTOS = YES_AGGRESSIVE;
				GCC_WARN_UNUSED_FUNCTION = YES;
				GCC_WARN_UNUSED_VARIABLE = YES;
				IPHONEOS_DEPLOYMENT_TARGET = 17.0;
				MARKETING_VERSION = 1.0.0;
				MTL_ENABLE_DEBUG_INFO = INCLUDE_SOURCE;
				MTL_FAST_MATH = YES;
				ONLY_ACTIVE_ARCH = YES;
				PRODUCT_NAME = "$(TARGET_NAME)";
				SDKROOT = iphoneos;
				SWIFT_ACTIVE_COMPILATION_CONDITIONS = DEBUG;
				SWIFT_OPTIMIZATION_LEVEL = "-Onone";
				SWIFT_VERSION = 5.0;
			};
			name = Debug;
		};
/* End XCBuildConfiguration section */

/* Begin XCConfigurationList section */
		B41E749FF74C9BF50F41C9D3 /* Build configuration list for PBXProject "IdleSkiller" */ = {
			isa = XCConfigurationList;
			buildConfigurations = (
				E79100A5000FA0419D5BD8DD /* Debug */,
				7152CC8DBD36300A54BCE097 /* Release */,
			);
			defaultConfigurationIsVisible = 0;
			defaultConfigurationName = Debug;
		};
		D8641FFCD049B8E9BC5F55F1 /* Build configuration list for PBXNativeTarget "IdleSkiller" */ = {
			isa = XCConfigurationList;
			buildConfigurations = (
				653EB1288CCEC3B85CB293F8 /* Debug */,
				DCD9C30ED9BA1ACB4BC3CAB2 /* Release */,
			);
			defaultConfigurationIsVisible = 0;
			defaultConfigurationName = Debug;
		};
/* End XCConfigurationList section */
	};
	rootObject = B8FD244B23B5EDEF4EF622CE /* Project object */;
}
